
Microsoft Visual Studio Solution File, Format Version 12.00
# Visual Studio Version 17
VisualStudioVersion = 17.5.002.0
MinimumVisualStudioVersion = 10.0.40219.1
Project("{9A19103F-16F7-4668-BE54-9A1E7A4F7556}") = "DesafioPOO", "DesafioPOO.csproj", "{BF765F5A-A81D-45BD-92D8-F5D11BB7C50E}"
EndProject
Global
	GlobalSection(SolutionConfigurationPlatforms) = preSolution
		Debug|Any CPU = Debug|Any CPU
		Release|Any CPU = Release|Any CPU
	EndGlobalSection
	GlobalSection(ProjectConfigurationPlatforms) = postSolution
		{BF765F5A-A81D-45BD-92D8-F5D11BB7C50E}.Debug|Any CPU.ActiveCfg = Debug|Any CPU
		{BF765F5A-A81D-45BD-92D8-F5D11BB7C50E}.Debug|Any CPU.Build.0 = Debug|Any CPU
		{BF765F5A-A81D-45BD-92D8-F5D11BB7C50E}.Release|Any CPU.ActiveCfg = Release|Any CPU
		{BF765F5A-A81D-45BD-92D8-F5D11BB7C50E}.Release|Any CPU.Build.0 = Release|Any CPU
	EndGlobalSection
	GlobalSection(SolutionProperties) = preSolution
		HideSolutionNode = FALSE
	EndGlobalSection
	GlobalSection(ExtensibilityGlobals) = postSolution
		SolutionGuid = {6E2EB64A-38F4-446B-A417-847229D39D65}
	EndGlobalSection
EndGlobal
